
Microsoft Visual Studio Solution File, Format Version 12.00
# Visual Studio 15
VisualStudioVersion = 15.0.28010.2046
MinimumVisualStudioVersion = 10.0.40219.1
Project("{9A19103F-16F7-4668-BE54-9A1E7A4F7556}") = "XFWithUITest", "XFWithUITest\XFWithUITest\XFWithUITest.csproj", "{5AD8E6BE-BE5A-48D9-B0CA-29E77377CA16}"
EndProject
Project("{FAE04EC0-301F-11D3-BF4B-00C04F79EFBC}") = "XFWithUITest.Android", "XFWithUITest\XFWithUITest.Android\XFWithUITest.Android.csproj", "{6D0A1FFC-1527-4D4B-BD3B-7C6F6C97E681}"
EndProject
Project("{FAE04EC0-301F-11D3-BF4B-00C04F79EFBC}") = "XFWithUITest.iOS", "XFWithUITest\XFWithUITest.iOS\XFWithUITest.iOS.csproj", "{422174E3-0D2D-447D-ABC0-D9520DBDF911}"
EndProject
Project("{FAE04EC0-301F-11D3-BF4B-00C04F79EFBC}") = "XFWithUITest.UWP", "XFWithUITest\XFWithUITest.UWP\XFWithUITest.UWP.csproj", "{7597448F-AB94-4703-BC98-CC70C40AD25E}"
EndProject
Project("{2150E333-8FDC-42A3-9474-1A3956D46DE8}") = "Tests", "Tests", "{55A711AB-8655-46FD-905B-695AC835E46F}"
EndProject
Project("{FAE04EC0-301F-11D3-BF4B-00C04F79EFBC}") = "XFWithUITest.UITest", "Tests\XFWithUITest.UITest\XFWithUITest.UITest.csproj", "{B19C892E-2628-4CA7-AD27-08D406A3B14B}"
EndProject
Global
	GlobalSection(SolutionConfigurationPlatforms) = preSolution
		Ad-Hoc|Any CPU = Ad-Hoc|Any CPU
		Ad-Hoc|ARM = Ad-Hoc|ARM
		Ad-Hoc|iPhone = Ad-Hoc|iPhone
		Ad-Hoc|iPhoneSimulator = Ad-Hoc|iPhoneSimulator
		Ad-Hoc|x64 = Ad-Hoc|x64
		Ad-Hoc|x86 = Ad-Hoc|x86
		AppStore|Any CPU = AppStore|Any CPU
		AppStore|ARM = AppStore|ARM
		AppStore|iPhone = AppStore|iPhone
		AppStore|iPhoneSimulator = AppStore|iPhoneSimulator
		AppStore|x64 = AppStore|x64
		AppStore|x86 = AppStore|x86
		Debug|Any CPU = Debug|Any CPU
		Debug|ARM = Debug|ARM
		Debug|iPhone = Debug|iPhone
		Debug|iPhoneSimulator = Debug|iPhoneSimulator
		Debug|x64 = Debug|x64
		Debug|x86 = Debug|x86
		Release|Any CPU = Release|Any CPU
		Release|ARM = Release|ARM
		Release|iPhone = Release|iPhone
		Release|iPhoneSimulator = Release|iPhoneSimulator
		Release|x64 = Release|x64
		Release|x86 = Release|x86
	EndGlobalSection
	GlobalSection(ProjectConfigurationPlatforms) = postSolution
		{5AD8E6BE-BE5A-48D9-B0CA-29E77377CA16}.Ad-Hoc|Any CPU.ActiveCfg = Debug|Any CPU
		{5AD8E6BE-BE5A-48D9-B0CA-29E77377CA16}.Ad-Hoc|Any CPU.Build.0 = Debug|Any CPU
		{5AD8E6BE-BE5A-48D9-B0CA-29E77377CA16}.Ad-Hoc|ARM.ActiveCfg = Debug|Any CPU
		{5AD8E6BE-BE5A-48D9-B0CA-29E77377CA16}.Ad-Hoc|ARM.Build.0 = Debug|Any CPU
		{5AD8E6BE-BE5A-48D9-B0CA-29E77377CA16}.Ad-Hoc|iPhone.ActiveCfg = Debug|Any CPU
		{5AD8E6BE-BE5A-48D9-B0CA-29E77377CA16}.Ad-Hoc|iPhone.Build.0 = Debug|Any CPU
		{5AD8E6BE-BE5A-48D9-B0CA-29E77377CA16}.Ad-Hoc|iPhoneSimulator.ActiveCfg = Debug|Any CPU
		{5AD8E6BE-BE5A-48D9-B0CA-29E77377CA16}.Ad-Hoc|iPhoneSimulator.Build.0 = Debug|Any CPU
		{5AD8E6BE-BE5A-48D9-B0CA-29E77377CA16}.Ad-Hoc|x64.ActiveCfg = Debug|Any CPU
		{5AD8E6BE-BE5A-48D9-B0CA-29E77377CA16}.Ad-Hoc|x64.Build.0 = Debug|Any CPU
		{5AD8E6BE-BE5A-48D9-B0CA-29E77377CA16}.Ad-Hoc|x86.ActiveCfg = Debug|Any CPU
		{5AD8E6BE-BE5A-48D9-B0CA-29E77377CA16}.Ad-Hoc|x86.Build.0 = Debug|Any CPU
		{5AD8E6BE-BE5A-48D9-B0CA-29E77377CA16}.AppStore|Any CPU.ActiveCfg = Debug|Any CPU
		{5AD8E6BE-BE5A-48D9-B0CA-29E77377CA16}.AppStore|Any CPU.Build.0 = Debug|Any CPU
		{5AD8E6BE-BE5A-48D9-B0CA-29E77377CA16}.AppStore|ARM.ActiveCfg = Debug|Any CPU
		{5AD8E6BE-BE5A-48D9-B0CA-29E77377CA16}.AppStore|ARM.Build.0 = Debug|Any CPU
		{5AD8E6BE-BE5A-48D9-B0CA-29E77377CA16}.AppStore|iPhone.ActiveCfg = Debug|Any CPU
		{5AD8E6BE-BE5A-48D9-B0CA-29E77377CA16}.AppStore|iPhone.Build.0 = Debug|Any CPU
		{5AD8E6BE-BE5A-48D9-B0CA-29E77377CA16}.AppStore|iPhoneSimulator.ActiveCfg = Debug|Any CPU
		{5AD8E6BE-BE5A-48D9-B0CA-29E77377CA16}.AppStore|iPhoneSimulator.Build.0 = Debug|Any CPU
		{5AD8E6BE-BE5A-48D9-B0CA-29E77377CA16}.AppStore|x64.ActiveCfg = Debug|Any CPU
		{5AD8E6BE-BE5A-48D9-B0CA-29E77377CA16}.AppStore|x64.Build.0 = Debug|Any CPU
		{5AD8E6BE-BE5A-48D9-B0CA-29E77377CA16}.AppStore|x86.ActiveCfg = Debug|Any CPU
		{5AD8E6BE-BE5A-48D9-B0CA-29E77377CA16}.AppStore|x86.Build.0 = Debug|Any CPU
		{5AD8E6BE-BE5A-48D9-B0CA-29E77377CA16}.Debug|Any CPU.ActiveCfg = Debug|Any CPU
		{5AD8E6BE-BE5A-48D9-B0CA-29E77377CA16}.Debug|Any CPU.Build.0 = Debug|Any CPU
		{5AD8E6BE-BE5A-48D9-B0CA-29E77377CA16}.Debug|ARM.ActiveCfg = Debug|Any CPU
		{5AD8E6BE-BE5A-48D9-B0CA-29E77377CA16}.Debug|ARM.Build.0 = Debug|Any CPU
		{5AD8E6BE-BE5A-48D9-B0CA-29E77377CA16}.Debug|iPhone.ActiveCfg = Debug|Any CPU
		{5AD8E6BE-BE5A-48D9-B0CA-29E77377CA16}.Debug|iPhone.Build.0 = Debug|Any CPU
		{5AD8E6BE-BE5A-48D9-B0CA-29E77377CA16}.Debug|iPhoneSimulator.ActiveCfg = Debug|Any CPU
		{5AD8E6BE-BE5A-48D9-B0CA-29E77377CA16}.Debug|iPhoneSimulator.Build.0 = Debug|Any CPU
		{5AD8E6BE-BE5A-48D9-B0CA-29E77377CA16}.Debug|x64.ActiveCfg = Debug|Any CPU
		{5AD8E6BE-BE5A-48D9-B0CA-29E77377CA16}.Debug|x64.Build.0 = Debug|Any CPU
		{5AD8E6BE-BE5A-48D9-B0CA-29E77377CA16}.Debug|x86.ActiveCfg = Debug|Any CPU
		{5AD8E6BE-BE5A-48D9-B0CA-29E77377CA16}.Debug|x86.Build.0 = Debug|Any CPU
		{5AD8E6BE-BE5A-48D9-B0CA-29E77377CA16}.Release|Any CPU.ActiveCfg = Release|Any CPU
		{5AD8E6BE-BE5A-48D9-B0CA-29E77377CA16}.Release|Any CPU.Build.0 = Release|Any CPU
		{5AD8E6BE-BE5A-48D9-B0CA-29E77377CA16}.Release|ARM.ActiveCfg = Release|Any CPU
		{5AD8E6BE-BE5A-48D9-B0CA-29E77377CA16}.Release|ARM.Build.0 = Release|Any CPU
		{5AD8E6BE-BE5A-48D9-B0CA-29E77377CA16}.Release|iPhone.ActiveCfg = Release|Any CPU
		{5AD8E6BE-BE5A-48D9-B0CA-29E77377CA16}.Release|iPhone.Build.0 = Release|Any CPU
		{5AD8E6BE-BE5A-48D9-B0CA-29E77377CA16}.Release|iPhoneSimulator.ActiveCfg = Release|Any CPU
		{5AD8E6BE-BE5A-48D9-B0CA-29E77377CA16}.Release|iPhoneSimulator.Build.0 = Release|Any CPU
		{5AD8E6BE-BE5A-48D9-B0CA-29E77377CA16}.Release|x64.ActiveCfg = Release|Any CPU
		{5AD8E6BE-BE5A-48D9-B0CA-29E77377CA16}.Release|x64.Build.0 = Release|Any CPU
		{5AD8E6BE-BE5A-48D9-B0CA-29E77377CA16}.Release|x86.ActiveCfg = Release|Any CPU
		{5AD8E6BE-BE5A-48D9-B0CA-29E77377CA16}.Release|x86.Build.0 = Release|Any CPU
		{6D0A1FFC-1527-4D4B-BD3B-7C6F6C97E681}.Ad-Hoc|Any CPU.ActiveCfg = Release|Any CPU
		{6D0A1FFC-1527-4D4B-BD3B-7C6F6C97E681}.Ad-Hoc|Any CPU.Build.0 = Release|Any CPU
		{6D0A1FFC-1527-4D4B-BD3B-7C6F6C97E681}.Ad-Hoc|Any CPU.Deploy.0 = Release|Any CPU
		{6D0A1FFC-1527-4D4B-BD3B-7C6F6C97E681}.Ad-Hoc|ARM.ActiveCfg = Release|Any CPU
		{6D0A1FFC-1527-4D4B-BD3B-7C6F6C97E681}.Ad-Hoc|ARM.Build.0 = Release|Any CPU
		{6D0A1FFC-1527-4D4B-BD3B-7C6F6C97E681}.Ad-Hoc|ARM.Deploy.0 = Release|Any CPU
		{6D0A1FFC-1527-4D4B-BD3B-7C6F6C97E681}.Ad-Hoc|iPhone.ActiveCfg = Release|Any CPU
		{6D0A1FFC-1527-4D4B-BD3B-7C6F6C97E681}.Ad-Hoc|iPhone.Build.0 = Release|Any CPU
		{6D0A1FFC-1527-4D4B-BD3B-7C6F6C97E681}.Ad-Hoc|iPhone.Deploy.0 = Release|Any CPU
		{6D0A1FFC-1527-4D4B-BD3B-7C6F6C97E681}.Ad-Hoc|iPhoneSimulator.ActiveCfg = Release|Any CPU
		{6D0A1FFC-1527-4D4B-BD3B-7C6F6C97E681}.Ad-Hoc|iPhoneSimulator.Build.0 = Release|Any CPU
		{6D0A1FFC-1527-4D4B-BD3B-7C6F6C97E681}.Ad-Hoc|iPhoneSimulator.Deploy.0 = Release|Any CPU
		{6D0A1FFC-1527-4D4B-BD3B-7C6F6C97E681}.Ad-Hoc|x64.ActiveCfg = Release|Any CPU
		{6D0A1FFC-1527-4D4B-BD3B-7C6F6C97E681}.Ad-Hoc|x64.Build.0 = Release|Any CPU
		{6D0A1FFC-1527-4D4B-BD3B-7C6F6C97E681}.Ad-Hoc|x64.Deploy.0 = Release|Any CPU
		{6D0A1FFC-1527-4D4B-BD3B-7C6F6C97E681}.Ad-Hoc|x86.ActiveCfg = Release|Any CPU
		{6D0A1FFC-1527-4D4B-BD3B-7C6F6C97E681}.Ad-Hoc|x86.Build.0 = Release|Any CPU
		{6D0A1FFC-1527-4D4B-BD3B-7C6F6C97E681}.Ad-Hoc|x86.Deploy.0 = Release|Any CPU
		{6D0A1FFC-1527-4D4B-BD3B-7C6F6C97E681}.AppStore|Any CPU.ActiveCfg = Release|Any CPU
		{6D0A1FFC-1527-4D4B-BD3B-7C6F6C97E681}.AppStore|Any CPU.Build.0 = Release|Any CPU
		{6D0A1FFC-1527-4D4B-BD3B-7C6F6C97E681}.AppStore|Any CPU.Deploy.0 = Release|Any CPU
		{6D0A1FFC-1527-4D4B-BD3B-7C6F6C97E681}.AppStore|ARM.ActiveCfg = Release|Any CPU
		{6D0A1FFC-1527-4D4B-BD3B-7C6F6C97E681}.AppStore|ARM.Build.0 = Release|Any CPU
		{6D0A1FFC-1527-4D4B-BD3B-7C6F6C97E681}.AppStore|ARM.Deploy.0 = Release|Any CPU
		{6D0A1FFC-1527-4D4B-BD3B-7C6F6C97E681}.AppStore|iPhone.ActiveCfg = Release|Any CPU
		{6D0A1FFC-1527-4D4B-BD3B-7C6F6C97E681}.AppStore|iPhone.Build.0 = Release|Any CPU
		{6D0A1FFC-1527-4D4B-BD3B-7C6F6C97E681}.AppStore|iPhone.Deploy.0 = Release|Any CPU
		{6D0A1FFC-1527-4D4B-BD3B-7C6F6C97E681}.AppStore|iPhoneSimulator.ActiveCfg = Release|Any CPU
		{6D0A1FFC-1527-4D4B-BD3B-7C6F6C97E681}.AppStore|iPhoneSimulator.Build.0 = Release|Any CPU
		{6D0A1FFC-1527-4D4B-BD3B-7C6F6C97E681}.AppStore|iPhoneSimulator.Deploy.0 = Release|Any CPU
		{6D0A1FFC-1527-4D4B-BD3B-7C6F6C97E681}.AppStore|x64.ActiveCfg = Release|Any CPU
		{6D0A1FFC-1527-4D4B-BD3B-7C6F6C97E681}.AppStore|x64.Build.0 = Release|Any CPU
		{6D0A1FFC-1527-4D4B-BD3B-7C6F6C97E681}.AppStore|x64.Deploy.0 = Release|Any CPU
		{6D0A1FFC-1527-4D4B-BD3B-7C6F6C97E681}.AppStore|x86.ActiveCfg = Release|Any CPU
		{6D0A1FFC-1527-4D4B-BD3B-7C6F6C97E681}.AppStore|x86.Build.0 = Release|Any CPU
		{6D0A1FFC-1527-4D4B-BD3B-7C6F6C97E681}.AppStore|x86.Deploy.0 = Release|Any CPU
		{6D0A1FFC-1527-4D4B-BD3B-7C6F6C97E681}.Debug|Any CPU.ActiveCfg = Debug|Any CPU
		{6D0A1FFC-1527-4D4B-BD3B-7C6F6C97E681}.Debug|Any CPU.Build.0 = Debug|Any CPU
		{6D0A1FFC-1527-4D4B-BD3B-7C6F6C97E681}.Debug|Any CPU.Deploy.0 = Debug|Any CPU
		{6D0A1FFC-1527-4D4B-BD3B-7C6F6C97E681}.Debug|ARM.ActiveCfg = Debug|Any CPU
		{6D0A1FFC-1527-4D4B-BD3B-7C6F6C97E681}.Debug|ARM.Build.0 = Debug|Any CPU
		{6D0A1FFC-1527-4D4B-BD3B-7C6F6C97E681}.Debug|ARM.Deploy.0 = Debug|Any CPU
		{6D0A1FFC-1527-4D4B-BD3B-7C6F6C97E681}.Debug|iPhone.ActiveCfg = Debug|Any CPU
		{6D0A1FFC-1527-4D4B-BD3B-7C6F6C97E681}.Debug|iPhone.Build.0 = Debug|Any CPU
		{6D0A1FFC-1527-4D4B-BD3B-7C6F6C97E681}.Debug|iPhone.Deploy.0 = Debug|Any CPU
		{6D0A1FFC-1527-4D4B-BD3B-7C6F6C97E681}.Debug|iPhoneSimulator.ActiveCfg = Debug|Any CPU
		{6D0A1FFC-1527-4D4B-BD3B-7C6F6C97E681}.Debug|iPhoneSimulator.Build.0 = Debug|Any CPU
		{6D0A1FFC-1527-4D4B-BD3B-7C6F6C97E681}.Debug|iPhoneSimulator.Deploy.0 = Debug|Any CPU
		{6D0A1FFC-1527-4D4B-BD3B-7C6F6C97E681}.Debug|x64.ActiveCfg = Debug|Any CPU
		{6D0A1FFC-1527-4D4B-BD3B-7C6F6C97E681}.Debug|x64.Build.0 = Debug|Any CPU
		{6D0A1FFC-1527-4D4B-BD3B-7C6F6C97E681}.Debug|x64.Deploy.0 = Debug|Any CPU
		{6D0A1FFC-1527-4D4B-BD3B-7C6F6C97E681}.Debug|x86.ActiveCfg = Debug|Any CPU
		{6D0A1FFC-1527-4D4B-BD3B-7C6F6C97E681}.Debug|x86.Build.0 = Debug|Any CPU
		{6D0A1FFC-1527-4D4B-BD3B-7C6F6C97E681}.Debug|x86.Deploy.0 = Debug|Any CPU
		{6D0A1FFC-1527-4D4B-BD3B-7C6F6C97E681}.Release|Any CPU.ActiveCfg = Release|Any CPU
		{6D0A1FFC-1527-4D4B-BD3B-7C6F6C97E681}.Release|Any CPU.Build.0 = Release|Any CPU
		{6D0A1FFC-1527-4D4B-BD3B-7C6F6C97E681}.Release|Any CPU.Deploy.0 = Release|Any CPU
		{6D0A1FFC-1527-4D4B-BD3B-7C6F6C97E681}.Release|ARM.ActiveCfg = Release|Any CPU
		{6D0A1FFC-1527-4D4B-BD3B-7C6F6C97E681}.Release|ARM.Build.0 = Release|Any CPU
		{6D0A1FFC-1527-4D4B-BD3B-7C6F6C97E681}.Release|ARM.Deploy.0 = Release|Any CPU
		{6D0A1FFC-1527-4D4B-BD3B-7C6F6C97E681}.Release|iPhone.ActiveCfg = Release|Any CPU
		{6D0A1FFC-1527-4D4B-BD3B-7C6F6C97E681}.Release|iPhone.Build.0 = Release|Any CPU
		{6D0A1FFC-1527-4D4B-BD3B-7C6F6C97E681}.Release|iPhone.Deploy.0 = Release|Any CPU
		{6D0A1FFC-1527-4D4B-BD3B-7C6F6C97E681}.Release|iPhoneSimulator.ActiveCfg = Release|Any CPU
		{6D0A1FFC-1527-4D4B-BD3B-7C6F6C97E681}.Release|iPhoneSimulator.Build.0 = Release|Any CPU
		{6D0A1FFC-1527-4D4B-BD3B-7C6F6C97E681}.Release|iPhoneSimulator.Deploy.0 = Release|Any CPU
		{6D0A1FFC-1527-4D4B-BD3B-7C6F6C97E681}.Release|x64.ActiveCfg = Release|Any CPU
		{6D0A1FFC-1527-4D4B-BD3B-7C6F6C97E681}.Release|x64.Build.0 = Release|Any CPU
		{6D0A1FFC-1527-4D4B-BD3B-7C6F6C97E681}.Release|x64.Deploy.0 = Release|Any CPU
		{6D0A1FFC-1527-4D4B-BD3B-7C6F6C97E681}.Release|x86.ActiveCfg = Release|Any CPU
		{6D0A1FFC-1527-4D4B-BD3B-7C6F6C97E681}.Release|x86.Build.0 = Release|Any CPU
		{6D0A1FFC-1527-4D4B-BD3B-7C6F6C97E681}.Release|x86.Deploy.0 = Release|Any CPU
		{422174E3-0D2D-447D-ABC0-D9520DBDF911}.Ad-Hoc|Any CPU.ActiveCfg = Ad-Hoc|iPhone
		{422174E3-0D2D-447D-ABC0-D9520DBDF911}.Ad-Hoc|ARM.ActiveCfg = Ad-Hoc|iPhone
		{422174E3-0D2D-447D-ABC0-D9520DBDF911}.Ad-Hoc|iPhone.ActiveCfg = Ad-Hoc|iPhone
		{422174E3-0D2D-447D-ABC0-D9520DBDF911}.Ad-Hoc|iPhone.Build.0 = Ad-Hoc|iPhone
		{422174E3-0D2D-447D-ABC0-D9520DBDF911}.Ad-Hoc|iPhoneSimulator.ActiveCfg = Ad-Hoc|iPhoneSimulator
		{422174E3-0D2D-447D-ABC0-D9520DBDF911}.Ad-Hoc|iPhoneSimulator.Build.0 = Ad-Hoc|iPhoneSimulator
		{422174E3-0D2D-447D-ABC0-D9520DBDF911}.Ad-Hoc|x64.ActiveCfg = Ad-Hoc|iPhone
		{422174E3-0D2D-447D-ABC0-D9520DBDF911}.Ad-Hoc|x86.ActiveCfg = Ad-Hoc|iPhone
		{422174E3-0D2D-447D-ABC0-D9520DBDF911}.AppStore|Any CPU.ActiveCfg = AppStore|iPhone
		{422174E3-0D2D-447D-ABC0-D9520DBDF911}.AppStore|ARM.ActiveCfg = AppStore|iPhone
		{422174E3-0D2D-447D-ABC0-D9520DBDF911}.AppStore|iPhone.ActiveCfg = AppStore|iPhone
		{422174E3-0D2D-447D-ABC0-D9520DBDF911}.AppStore|iPhone.Build.0 = AppStore|iPhone
		{422174E3-0D2D-447D-ABC0-D9520DBDF911}.AppStore|iPhoneSimulator.ActiveCfg = AppStore|iPhoneSimulator
		{422174E3-0D2D-447D-ABC0-D9520DBDF911}.AppStore|iPhoneSimulator.Build.0 = AppStore|iPhoneSimulator
		{422174E3-0D2D-447D-ABC0-D9520DBDF911}.AppStore|x64.ActiveCfg = AppStore|iPhone
		{422174E3-0D2D-447D-ABC0-D9520DBDF911}.AppStore|x86.ActiveCfg = AppStore|iPhone
		{422174E3-0D2D-447D-ABC0-D9520DBDF911}.Debug|Any CPU.ActiveCfg = Debug|iPhone
		{422174E3-0D2D-447D-ABC0-D9520DBDF911}.Debug|ARM.ActiveCfg = Debug|iPhone
		{422174E3-0D2D-447D-ABC0-D9520DBDF911}.Debug|iPhone.ActiveCfg = Debug|iPhone
		{422174E3-0D2D-447D-ABC0-D9520DBDF911}.Debug|iPhone.Build.0 = Debug|iPhone
		{422174E3-0D2D-447D-ABC0-D9520DBDF911}.Debug|iPhoneSimulator.ActiveCfg = Debug|iPhoneSimulator
		{422174E3-0D2D-447D-ABC0-D9520DBDF911}.Debug|iPhoneSimulator.Build.0 = Debug|iPhoneSimulator
		{422174E3-0D2D-447D-ABC0-D9520DBDF911}.Debug|x64.ActiveCfg = Debug|iPhone
		{422174E3-0D2D-447D-ABC0-D9520DBDF911}.Debug|x86.ActiveCfg = Debug|iPhone
		{422174E3-0D2D-447D-ABC0-D9520DBDF911}.Release|Any CPU.ActiveCfg = Release|iPhone
		{422174E3-0D2D-447D-ABC0-D9520DBDF911}.Release|ARM.ActiveCfg = Release|iPhone
		{422174E3-0D2D-447D-ABC0-D9520DBDF911}.Release|iPhone.ActiveCfg = Release|iPhone
		{422174E3-0D2D-447D-ABC0-D9520DBDF911}.Release|iPhone.Build.0 = Release|iPhone
		{422174E3-0D2D-447D-ABC0-D9520DBDF911}.Release|iPhoneSimulator.ActiveCfg = Release|iPhoneSimulator
		{422174E3-0D2D-447D-ABC0-D9520DBDF911}.Release|iPhoneSimulator.Build.0 = Release|iPhoneSimulator
		{422174E3-0D2D-447D-ABC0-D9520DBDF911}.Release|x64.ActiveCfg = Release|iPhone
		{422174E3-0D2D-447D-ABC0-D9520DBDF911}.Release|x86.ActiveCfg = Release|iPhone
		{7597448F-AB94-4703-BC98-CC70C40AD25E}.Ad-Hoc|Any CPU.ActiveCfg = Release|x86
		{7597448F-AB94-4703-BC98-CC70C40AD25E}.Ad-Hoc|Any CPU.Build.0 = Release|x86
		{7597448F-AB94-4703-BC98-CC70C40AD25E}.Ad-Hoc|Any CPU.Deploy.0 = Release|x86
		{7597448F-AB94-4703-BC98-CC70C40AD25E}.Ad-Hoc|ARM.ActiveCfg = Release|ARM
		{7597448F-AB94-4703-BC98-CC70C40AD25E}.Ad-Hoc|ARM.Build.0 = Release|ARM
		{7597448F-AB94-4703-BC98-CC70C40AD25E}.Ad-Hoc|ARM.Deploy.0 = Release|ARM
		{7597448F-AB94-4703-BC98-CC70C40AD25E}.Ad-Hoc|iPhone.ActiveCfg = Release|x86
		{7597448F-AB94-4703-BC98-CC70C40AD25E}.Ad-Hoc|iPhone.Build.0 = Release|x86
		{7597448F-AB94-4703-BC98-CC70C40AD25E}.Ad-Hoc|iPhone.Deploy.0 = Release|x86
		{7597448F-AB94-4703-BC98-CC70C40AD25E}.Ad-Hoc|iPhoneSimulator.ActiveCfg = Release|x86
		{7597448F-AB94-4703-BC98-CC70C40AD25E}.Ad-Hoc|iPhoneSimulator.Build.0 = Release|x86
		{7597448F-AB94-4703-BC98-CC70C40AD25E}.Ad-Hoc|iPhoneSimulator.Deploy.0 = Release|x86
		{7597448F-AB94-4703-BC98-CC70C40AD25E}.Ad-Hoc|x64.ActiveCfg = Release|x64
		{7597448F-AB94-4703-BC98-CC70C40AD25E}.Ad-Hoc|x64.Build.0 = Release|x64
		{7597448F-AB94-4703-BC98-CC70C40AD25E}.Ad-Hoc|x64.Deploy.0 = Release|x64
		{7597448F-AB94-4703-BC98-CC70C40AD25E}.Ad-Hoc|x86.ActiveCfg = Release|x86
		{7597448F-AB94-4703-BC98-CC70C40AD25E}.Ad-Hoc|x86.Build.0 = Release|x86
		{7597448F-AB94-4703-BC98-CC70C40AD25E}.Ad-Hoc|x86.Deploy.0 = Release|x86
		{7597448F-AB94-4703-BC98-CC70C40AD25E}.AppStore|Any CPU.ActiveCfg = Release|x86
		{7597448F-AB94-4703-BC98-CC70C40AD25E}.AppStore|Any CPU.Build.0 = Release|x86
		{7597448F-AB94-4703-BC98-CC70C40AD25E}.AppStore|Any CPU.Deploy.0 = Release|x86
		{7597448F-AB94-4703-BC98-CC70C40AD25E}.AppStore|ARM.ActiveCfg = Release|ARM
		{7597448F-AB94-4703-BC98-CC70C40AD25E}.AppStore|ARM.Build.0 = Release|ARM
		{7597448F-AB94-4703-BC98-CC70C40AD25E}.AppStore|ARM.Deploy.0 = Release|ARM
		{7597448F-AB94-4703-BC98-CC70C40AD25E}.AppStore|iPhone.ActiveCfg = Release|x86
		{7597448F-AB94-4703-BC98-CC70C40AD25E}.AppStore|iPhone.Build.0 = Release|x86
		{7597448F-AB94-4703-BC98-CC70C40AD25E}.AppStore|iPhone.Deploy.0 = Release|x86
		{7597448F-AB94-4703-BC98-CC70C40AD25E}.AppStore|iPhoneSimulator.ActiveCfg = Release|x86
		{7597448F-AB94-4703-BC98-CC70C40AD25E}.AppStore|iPhoneSimulator.Build.0 = Release|x86
		{7597448F-AB94-4703-BC98-CC70C40AD25E}.AppStore|iPhoneSimulator.Deploy.0 = Release|x86
		{7597448F-AB94-4703-BC98-CC70C40AD25E}.AppStore|x64.ActiveCfg = Release|x64
		{7597448F-AB94-4703-BC98-CC70C40AD25E}.AppStore|x64.Build.0 = Release|x64
		{7597448F-AB94-4703-BC98-CC70C40AD25E}.AppStore|x64.Deploy.0 = Release|x64
		{7597448F-AB94-4703-BC98-CC70C40AD25E}.AppStore|x86.ActiveCfg = Release|x86
		{7597448F-AB94-4703-BC98-CC70C40AD25E}.AppStore|x86.Build.0 = Release|x86
		{7597448F-AB94-4703-BC98-CC70C40AD25E}.AppStore|x86.Deploy.0 = Release|x86
		{7597448F-AB94-4703-BC98-CC70C40AD25E}.Debug|Any CPU.ActiveCfg = Debug|x86
		{7597448F-AB94-4703-BC98-CC70C40AD25E}.Debug|ARM.ActiveCfg = Debug|ARM
		{7597448F-AB94-4703-BC98-CC70C40AD25E}.Debug|ARM.Build.0 = Debug|ARM
		{7597448F-AB94-4703-BC98-CC70C40AD25E}.Debug|ARM.Deploy.0 = Debug|ARM
		{7597448F-AB94-4703-BC98-CC70C40AD25E}.Debug|iPhone.ActiveCfg = Debug|x86
		{7597448F-AB94-4703-BC98-CC70C40AD25E}.Debug|iPhoneSimulator.ActiveCfg = Debug|x86
		{7597448F-AB94-4703-BC98-CC70C40AD25E}.Debug|x64.ActiveCfg = Debug|x64
		{7597448F-AB94-4703-BC98-CC70C40AD25E}.Debug|x64.Build.0 = Debug|x64
		{7597448F-AB94-4703-BC98-CC70C40AD25E}.Debug|x64.Deploy.0 = Debug|x64
		{7597448F-AB94-4703-BC98-CC70C40AD25E}.Debug|x86.ActiveCfg = Debug|x86
		{7597448F-AB94-4703-BC98-CC70C40AD25E}.Debug|x86.Build.0 = Debug|x86
		{7597448F-AB94-4703-BC98-CC70C40AD25E}.Debug|x86.Deploy.0 = Debug|x86
		{7597448F-AB94-4703-BC98-CC70C40AD25E}.Release|Any CPU.ActiveCfg = Release|x86
		{7597448F-AB94-4703-BC98-CC70C40AD25E}.Release|ARM.ActiveCfg = Release|ARM
		{7597448F-AB94-4703-BC98-CC70C40AD25E}.Release|ARM.Build.0 = Release|ARM
		{7597448F-AB94-4703-BC98-CC70C40AD25E}.Release|ARM.Deploy.0 = Release|ARM
		{7597448F-AB94-4703-BC98-CC70C40AD25E}.Release|iPhone.ActiveCfg = Release|x86
		{7597448F-AB94-4703-BC98-CC70C40AD25E}.Release|iPhoneSimulator.ActiveCfg = Release|x86
		{7597448F-AB94-4703-BC98-CC70C40AD25E}.Release|x64.ActiveCfg = Release|x64
		{7597448F-AB94-4703-BC98-CC70C40AD25E}.Release|x64.Build.0 = Release|x64
		{7597448F-AB94-4703-BC98-CC70C40AD25E}.Release|x64.Deploy.0 = Release|x64
		{7597448F-AB94-4703-BC98-CC70C40AD25E}.Release|x86.ActiveCfg = Release|x86
		{7597448F-AB94-4703-BC98-CC70C40AD25E}.Release|x86.Build.0 = Release|x86
		{7597448F-AB94-4703-BC98-CC70C40AD25E}.Release|x86.Deploy.0 = Release|x86
		{B19C892E-2628-4CA7-AD27-08D406A3B14B}.Ad-Hoc|Any CPU.ActiveCfg = Release|Any CPU
		{B19C892E-2628-4CA7-AD27-08D406A3B14B}.Ad-Hoc|Any CPU.Build.0 = Release|Any CPU
		{B19C892E-2628-4CA7-AD27-08D406A3B14B}.Ad-Hoc|ARM.ActiveCfg = Release|Any CPU
		{B19C892E-2628-4CA7-AD27-08D406A3B14B}.Ad-Hoc|ARM.Build.0 = Release|Any CPU
		{B19C892E-2628-4CA7-AD27-08D406A3B14B}.Ad-Hoc|iPhone.ActiveCfg = Release|Any CPU
		{B19C892E-2628-4CA7-AD27-08D406A3B14B}.Ad-Hoc|iPhone.Build.0 = Release|Any CPU
		{B19C892E-2628-4CA7-AD27-08D406A3B14B}.Ad-Hoc|iPhoneSimulator.ActiveCfg = Release|Any CPU
		{B19C892E-2628-4CA7-AD27-08D406A3B14B}.Ad-Hoc|iPhoneSimulator.Build.0 = Release|Any CPU
		{B19C892E-2628-4CA7-AD27-08D406A3B14B}.Ad-Hoc|x64.ActiveCfg = Release|Any CPU
		{B19C892E-2628-4CA7-AD27-08D406A3B14B}.Ad-Hoc|x64.Build.0 = Release|Any CPU
		{B19C892E-2628-4CA7-AD27-08D406A3B14B}.Ad-Hoc|x86.ActiveCfg = Release|Any CPU
		{B19C892E-2628-4CA7-AD27-08D406A3B14B}.Ad-Hoc|x86.Build.0 = Release|Any CPU
		{B19C892E-2628-4CA7-AD27-08D406A3B14B}.AppStore|Any CPU.ActiveCfg = Release|Any CPU
		{B19C892E-2628-4CA7-AD27-08D406A3B14B}.AppStore|Any CPU.Build.0 = Release|Any CPU
		{B19C892E-2628-4CA7-AD27-08D406A3B14B}.AppStore|ARM.ActiveCfg = Release|Any CPU
		{B19C892E-2628-4CA7-AD27-08D406A3B14B}.AppStore|ARM.Build.0 = Release|Any CPU
		{B19C892E-2628-4CA7-AD27-08D406A3B14B}.AppStore|iPhone.ActiveCfg = Release|Any CPU
		{B19C892E-2628-4CA7-AD27-08D406A3B14B}.AppStore|iPhone.Build.0 = Release|Any CPU
		{B19C892E-2628-4CA7-AD27-08D406A3B14B}.AppStore|iPhoneSimulator.ActiveCfg = Release|Any CPU
		{B19C892E-2628-4CA7-AD27-08D406A3B14B}.AppStore|iPhoneSimulator.Build.0 = Release|Any CPU
		{B19C892E-2628-4CA7-AD27-08D406A3B14B}.AppStore|x64.ActiveCfg = Release|Any CPU
		{B19C892E-2628-4CA7-AD27-08D406A3B14B}.AppStore|x64.Build.0 = Release|Any CPU
		{B19C892E-2628-4CA7-AD27-08D406A3B14B}.AppStore|x86.ActiveCfg = Release|Any CPU
		{B19C892E-2628-4CA7-AD27-08D406A3B14B}.AppStore|x86.Build.0 = Release|Any CPU
		{B19C892E-2628-4CA7-AD27-08D406A3B14B}.Debug|Any CPU.ActiveCfg = Debug|Any CPU
		{B19C892E-2628-4CA7-AD27-08D406A3B14B}.Debug|Any CPU.Build.0 = Debug|Any CPU
		{B19C892E-2628-4CA7-AD27-08D406A3B14B}.Debug|ARM.ActiveCfg = Debug|Any CPU
		{B19C892E-2628-4CA7-AD27-08D406A3B14B}.Debug|ARM.Build.0 = Debug|Any CPU
		{B19C892E-2628-4CA7-AD27-08D406A3B14B}.Debug|iPhone.ActiveCfg = Debug|Any CPU
		{B19C892E-2628-4CA7-AD27-08D406A3B14B}.Debug|iPhone.Build.0 = Debug|Any CPU
		{B19C892E-2628-4CA7-AD27-08D406A3B14B}.Debug|iPhoneSimulator.ActiveCfg = Debug|Any CPU
		{B19C892E-2628-4CA7-AD27-08D406A3B14B}.Debug|iPhoneSimulator.Build.0 = Debug|Any CPU
		{B19C892E-2628-4CA7-AD27-08D406A3B14B}.Debug|x64.ActiveCfg = Debug|Any CPU
		{B19C892E-2628-4CA7-AD27-08D406A3B14B}.Debug|x64.Build.0 = Debug|Any CPU
		{B19C892E-2628-4CA7-AD27-08D406A3B14B}.Debug|x86.ActiveCfg = Debug|Any CPU
		{B19C892E-2628-4CA7-AD27-08D406A3B14B}.Debug|x86.Build.0 = Debug|Any CPU
		{B19C892E-2628-4CA7-AD27-08D406A3B14B}.Release|Any CPU.ActiveCfg = Release|Any CPU
		{B19C892E-2628-4CA7-AD27-08D406A3B14B}.Release|Any CPU.Build.0 = Release|Any CPU
		{B19C892E-2628-4CA7-AD27-08D406A3B14B}.Release|ARM.ActiveCfg = Release|Any CPU
		{B19C892E-2628-4CA7-AD27-08D406A3B14B}.Release|ARM.Build.0 = Release|Any CPU
		{B19C892E-2628-4CA7-AD27-08D406A3B14B}.Release|iPhone.ActiveCfg = Release|Any CPU
		{B19C892E-2628-4CA7-AD27-08D406A3B14B}.Release|iPhone.Build.0 = Release|Any CPU
		{B19C892E-2628-4CA7-AD27-08D406A3B14B}.Release|iPhoneSimulator.ActiveCfg = Release|Any CPU
		{B19C892E-2628-4CA7-AD27-08D406A3B14B}.Release|iPhoneSimulator.Build.0 = Release|Any CPU
		{B19C892E-2628-4CA7-AD27-08D406A3B14B}.Release|x64.ActiveCfg = Release|Any CPU
		{B19C892E-2628-4CA7-AD27-08D406A3B14B}.Release|x64.Build.0 = Release|Any CPU
		{B19C892E-2628-4CA7-AD27-08D406A3B14B}.Release|x86.ActiveCfg = Release|Any CPU
		{B19C892E-2628-4CA7-AD27-08D406A3B14B}.Release|x86.Build.0 = Release|Any CPU
	EndGlobalSection
	GlobalSection(SolutionProperties) = preSolution
		HideSolutionNode = FALSE
	EndGlobalSection
	GlobalSection(NestedProjects) = preSolution
		{B19C892E-2628-4CA7-AD27-08D406A3B14B} = {55A711AB-8655-46FD-905B-695AC835E46F}
	EndGlobalSection
	GlobalSection(ExtensibilityGlobals) = postSolution
		SolutionGuid = {7193CC1F-8CB2-45CB-86D8-BD8978529DC3}
	EndGlobalSection
EndGlobal
