
Microsoft Visual Studio Solution File, Format Version 12.00
# Visual Studio 15
VisualStudioVersion = 15.0.28010.2046
MinimumVisualStudioVersion = 10.0.40219.1
Project("{9A19103F-16F7-4668-BE54-9A1E7A4F7556}") = "XFWithSpecflow", "XFWithSpecflow\XFWithSpecflow\XFWithSpecflow.csproj", "{AEE40431-71E5-4EA5-BFDB-4C6FB9065327}"
EndProject
Project("{FAE04EC0-301F-11D3-BF4B-00C04F79EFBC}") = "XFWithSpecflow.Android", "XFWithSpecflow\XFWithSpecflow.Android\XFWithSpecflow.Android.csproj", "{C712A764-4DF4-4264-94DB-E72A26324684}"
EndProject
Project("{FAE04EC0-301F-11D3-BF4B-00C04F79EFBC}") = "XFWithSpecflow.iOS", "XFWithSpecflow\XFWithSpecflow.iOS\XFWithSpecflow.iOS.csproj", "{96D6C3D0-FFC8-410E-A16F-057D53154CA3}"
EndProject
Project("{FAE04EC0-301F-11D3-BF4B-00C04F79EFBC}") = "XFWithSpecflow.UWP", "XFWithSpecflow\XFWithSpecflow.UWP\XFWithSpecflow.UWP.csproj", "{C4FF7F9E-3889-45D2-BE9A-195BEA3A1246}"
EndProject
Project("{2150E333-8FDC-42A3-9474-1A3956D46DE8}") = "Tests", "Tests", "{294BC2E2-87DE-4435-8B29-C2A09EF6549B}"
EndProject
Project("{FAE04EC0-301F-11D3-BF4B-00C04F79EFBC}") = "XFWithSpecflow.UnitTest", "Test\XFWithSpecflow.UnitTest\XFWithSpecflow.UnitTest.csproj", "{06B0F8BC-6EB6-45C5-8447-4EFD07B1B843}"
EndProject
Global
	GlobalSection(SolutionConfigurationPlatforms) = preSolution
		Ad-Hoc|Any CPU = Ad-Hoc|Any CPU
		Ad-Hoc|ARM = Ad-Hoc|ARM
		Ad-Hoc|iPhone = Ad-Hoc|iPhone
		Ad-Hoc|iPhoneSimulator = Ad-Hoc|iPhoneSimulator
		Ad-Hoc|x64 = Ad-Hoc|x64
		Ad-Hoc|x86 = Ad-Hoc|x86
		AppStore|Any CPU = AppStore|Any CPU
		AppStore|ARM = AppStore|ARM
		AppStore|iPhone = AppStore|iPhone
		AppStore|iPhoneSimulator = AppStore|iPhoneSimulator
		AppStore|x64 = AppStore|x64
		AppStore|x86 = AppStore|x86
		Debug|Any CPU = Debug|Any CPU
		Debug|ARM = Debug|ARM
		Debug|iPhone = Debug|iPhone
		Debug|iPhoneSimulator = Debug|iPhoneSimulator
		Debug|x64 = Debug|x64
		Debug|x86 = Debug|x86
		Release|Any CPU = Release|Any CPU
		Release|ARM = Release|ARM
		Release|iPhone = Release|iPhone
		Release|iPhoneSimulator = Release|iPhoneSimulator
		Release|x64 = Release|x64
		Release|x86 = Release|x86
	EndGlobalSection
	GlobalSection(ProjectConfigurationPlatforms) = postSolution
		{AEE40431-71E5-4EA5-BFDB-4C6FB9065327}.Ad-Hoc|Any CPU.ActiveCfg = Debug|Any CPU
		{AEE40431-71E5-4EA5-BFDB-4C6FB9065327}.Ad-Hoc|Any CPU.Build.0 = Debug|Any CPU
		{AEE40431-71E5-4EA5-BFDB-4C6FB9065327}.Ad-Hoc|ARM.ActiveCfg = Debug|Any CPU
		{AEE40431-71E5-4EA5-BFDB-4C6FB9065327}.Ad-Hoc|ARM.Build.0 = Debug|Any CPU
		{AEE40431-71E5-4EA5-BFDB-4C6FB9065327}.Ad-Hoc|iPhone.ActiveCfg = Debug|Any CPU
		{AEE40431-71E5-4EA5-BFDB-4C6FB9065327}.Ad-Hoc|iPhone.Build.0 = Debug|Any CPU
		{AEE40431-71E5-4EA5-BFDB-4C6FB9065327}.Ad-Hoc|iPhoneSimulator.ActiveCfg = Debug|Any CPU
		{AEE40431-71E5-4EA5-BFDB-4C6FB9065327}.Ad-Hoc|iPhoneSimulator.Build.0 = Debug|Any CPU
		{AEE40431-71E5-4EA5-BFDB-4C6FB9065327}.Ad-Hoc|x64.ActiveCfg = Debug|Any CPU
		{AEE40431-71E5-4EA5-BFDB-4C6FB9065327}.Ad-Hoc|x64.Build.0 = Debug|Any CPU
		{AEE40431-71E5-4EA5-BFDB-4C6FB9065327}.Ad-Hoc|x86.ActiveCfg = Debug|Any CPU
		{AEE40431-71E5-4EA5-BFDB-4C6FB9065327}.Ad-Hoc|x86.Build.0 = Debug|Any CPU
		{AEE40431-71E5-4EA5-BFDB-4C6FB9065327}.AppStore|Any CPU.ActiveCfg = Debug|Any CPU
		{AEE40431-71E5-4EA5-BFDB-4C6FB9065327}.AppStore|Any CPU.Build.0 = Debug|Any CPU
		{AEE40431-71E5-4EA5-BFDB-4C6FB9065327}.AppStore|ARM.ActiveCfg = Debug|Any CPU
		{AEE40431-71E5-4EA5-BFDB-4C6FB9065327}.AppStore|ARM.Build.0 = Debug|Any CPU
		{AEE40431-71E5-4EA5-BFDB-4C6FB9065327}.AppStore|iPhone.ActiveCfg = Debug|Any CPU
		{AEE40431-71E5-4EA5-BFDB-4C6FB9065327}.AppStore|iPhone.Build.0 = Debug|Any CPU
		{AEE40431-71E5-4EA5-BFDB-4C6FB9065327}.AppStore|iPhoneSimulator.ActiveCfg = Debug|Any CPU
		{AEE40431-71E5-4EA5-BFDB-4C6FB9065327}.AppStore|iPhoneSimulator.Build.0 = Debug|Any CPU
		{AEE40431-71E5-4EA5-BFDB-4C6FB9065327}.AppStore|x64.ActiveCfg = Debug|Any CPU
		{AEE40431-71E5-4EA5-BFDB-4C6FB9065327}.AppStore|x64.Build.0 = Debug|Any CPU
		{AEE40431-71E5-4EA5-BFDB-4C6FB9065327}.AppStore|x86.ActiveCfg = Debug|Any CPU
		{AEE40431-71E5-4EA5-BFDB-4C6FB9065327}.AppStore|x86.Build.0 = Debug|Any CPU
		{AEE40431-71E5-4EA5-BFDB-4C6FB9065327}.Debug|Any CPU.ActiveCfg = Debug|Any CPU
		{AEE40431-71E5-4EA5-BFDB-4C6FB9065327}.Debug|Any CPU.Build.0 = Debug|Any CPU
		{AEE40431-71E5-4EA5-BFDB-4C6FB9065327}.Debug|ARM.ActiveCfg = Debug|Any CPU
		{AEE40431-71E5-4EA5-BFDB-4C6FB9065327}.Debug|ARM.Build.0 = Debug|Any CPU
		{AEE40431-71E5-4EA5-BFDB-4C6FB9065327}.Debug|iPhone.ActiveCfg = Debug|Any CPU
		{AEE40431-71E5-4EA5-BFDB-4C6FB9065327}.Debug|iPhone.Build.0 = Debug|Any CPU
		{AEE40431-71E5-4EA5-BFDB-4C6FB9065327}.Debug|iPhoneSimulator.ActiveCfg = Debug|Any CPU
		{AEE40431-71E5-4EA5-BFDB-4C6FB9065327}.Debug|iPhoneSimulator.Build.0 = Debug|Any CPU
		{AEE40431-71E5-4EA5-BFDB-4C6FB9065327}.Debug|x64.ActiveCfg = Debug|Any CPU
		{AEE40431-71E5-4EA5-BFDB-4C6FB9065327}.Debug|x64.Build.0 = Debug|Any CPU
		{AEE40431-71E5-4EA5-BFDB-4C6FB9065327}.Debug|x86.ActiveCfg = Debug|Any CPU
		{AEE40431-71E5-4EA5-BFDB-4C6FB9065327}.Debug|x86.Build.0 = Debug|Any CPU
		{AEE40431-71E5-4EA5-BFDB-4C6FB9065327}.Release|Any CPU.ActiveCfg = Release|Any CPU
		{AEE40431-71E5-4EA5-BFDB-4C6FB9065327}.Release|Any CPU.Build.0 = Release|Any CPU
		{AEE40431-71E5-4EA5-BFDB-4C6FB9065327}.Release|ARM.ActiveCfg = Release|Any CPU
		{AEE40431-71E5-4EA5-BFDB-4C6FB9065327}.Release|ARM.Build.0 = Release|Any CPU
		{AEE40431-71E5-4EA5-BFDB-4C6FB9065327}.Release|iPhone.ActiveCfg = Release|Any CPU
		{AEE40431-71E5-4EA5-BFDB-4C6FB9065327}.Release|iPhone.Build.0 = Release|Any CPU
		{AEE40431-71E5-4EA5-BFDB-4C6FB9065327}.Release|iPhoneSimulator.ActiveCfg = Release|Any CPU
		{AEE40431-71E5-4EA5-BFDB-4C6FB9065327}.Release|iPhoneSimulator.Build.0 = Release|Any CPU
		{AEE40431-71E5-4EA5-BFDB-4C6FB9065327}.Release|x64.ActiveCfg = Release|Any CPU
		{AEE40431-71E5-4EA5-BFDB-4C6FB9065327}.Release|x64.Build.0 = Release|Any CPU
		{AEE40431-71E5-4EA5-BFDB-4C6FB9065327}.Release|x86.ActiveCfg = Release|Any CPU
		{AEE40431-71E5-4EA5-BFDB-4C6FB9065327}.Release|x86.Build.0 = Release|Any CPU
		{C712A764-4DF4-4264-94DB-E72A26324684}.Ad-Hoc|Any CPU.ActiveCfg = Release|Any CPU
		{C712A764-4DF4-4264-94DB-E72A26324684}.Ad-Hoc|Any CPU.Build.0 = Release|Any CPU
		{C712A764-4DF4-4264-94DB-E72A26324684}.Ad-Hoc|Any CPU.Deploy.0 = Release|Any CPU
		{C712A764-4DF4-4264-94DB-E72A26324684}.Ad-Hoc|ARM.ActiveCfg = Release|Any CPU
		{C712A764-4DF4-4264-94DB-E72A26324684}.Ad-Hoc|ARM.Build.0 = Release|Any CPU
		{C712A764-4DF4-4264-94DB-E72A26324684}.Ad-Hoc|ARM.Deploy.0 = Release|Any CPU
		{C712A764-4DF4-4264-94DB-E72A26324684}.Ad-Hoc|iPhone.ActiveCfg = Release|Any CPU
		{C712A764-4DF4-4264-94DB-E72A26324684}.Ad-Hoc|iPhone.Build.0 = Release|Any CPU
		{C712A764-4DF4-4264-94DB-E72A26324684}.Ad-Hoc|iPhone.Deploy.0 = Release|Any CPU
		{C712A764-4DF4-4264-94DB-E72A26324684}.Ad-Hoc|iPhoneSimulator.ActiveCfg = Release|Any CPU
		{C712A764-4DF4-4264-94DB-E72A26324684}.Ad-Hoc|iPhoneSimulator.Build.0 = Release|Any CPU
		{C712A764-4DF4-4264-94DB-E72A26324684}.Ad-Hoc|iPhoneSimulator.Deploy.0 = Release|Any CPU
		{C712A764-4DF4-4264-94DB-E72A26324684}.Ad-Hoc|x64.ActiveCfg = Release|Any CPU
		{C712A764-4DF4-4264-94DB-E72A26324684}.Ad-Hoc|x64.Build.0 = Release|Any CPU
		{C712A764-4DF4-4264-94DB-E72A26324684}.Ad-Hoc|x64.Deploy.0 = Release|Any CPU
		{C712A764-4DF4-4264-94DB-E72A26324684}.Ad-Hoc|x86.ActiveCfg = Release|Any CPU
		{C712A764-4DF4-4264-94DB-E72A26324684}.Ad-Hoc|x86.Build.0 = Release|Any CPU
		{C712A764-4DF4-4264-94DB-E72A26324684}.Ad-Hoc|x86.Deploy.0 = Release|Any CPU
		{C712A764-4DF4-4264-94DB-E72A26324684}.AppStore|Any CPU.ActiveCfg = Release|Any CPU
		{C712A764-4DF4-4264-94DB-E72A26324684}.AppStore|Any CPU.Build.0 = Release|Any CPU
		{C712A764-4DF4-4264-94DB-E72A26324684}.AppStore|Any CPU.Deploy.0 = Release|Any CPU
		{C712A764-4DF4-4264-94DB-E72A26324684}.AppStore|ARM.ActiveCfg = Release|Any CPU
		{C712A764-4DF4-4264-94DB-E72A26324684}.AppStore|ARM.Build.0 = Release|Any CPU
		{C712A764-4DF4-4264-94DB-E72A26324684}.AppStore|ARM.Deploy.0 = Release|Any CPU
		{C712A764-4DF4-4264-94DB-E72A26324684}.AppStore|iPhone.ActiveCfg = Release|Any CPU
		{C712A764-4DF4-4264-94DB-E72A26324684}.AppStore|iPhone.Build.0 = Release|Any CPU
		{C712A764-4DF4-4264-94DB-E72A26324684}.AppStore|iPhone.Deploy.0 = Release|Any CPU
		{C712A764-4DF4-4264-94DB-E72A26324684}.AppStore|iPhoneSimulator.ActiveCfg = Release|Any CPU
		{C712A764-4DF4-4264-94DB-E72A26324684}.AppStore|iPhoneSimulator.Build.0 = Release|Any CPU
		{C712A764-4DF4-4264-94DB-E72A26324684}.AppStore|iPhoneSimulator.Deploy.0 = Release|Any CPU
		{C712A764-4DF4-4264-94DB-E72A26324684}.AppStore|x64.ActiveCfg = Release|Any CPU
		{C712A764-4DF4-4264-94DB-E72A26324684}.AppStore|x64.Build.0 = Release|Any CPU
		{C712A764-4DF4-4264-94DB-E72A26324684}.AppStore|x64.Deploy.0 = Release|Any CPU
		{C712A764-4DF4-4264-94DB-E72A26324684}.AppStore|x86.ActiveCfg = Release|Any CPU
		{C712A764-4DF4-4264-94DB-E72A26324684}.AppStore|x86.Build.0 = Release|Any CPU
		{C712A764-4DF4-4264-94DB-E72A26324684}.AppStore|x86.Deploy.0 = Release|Any CPU
		{C712A764-4DF4-4264-94DB-E72A26324684}.Debug|Any CPU.ActiveCfg = Debug|Any CPU
		{C712A764-4DF4-4264-94DB-E72A26324684}.Debug|Any CPU.Build.0 = Debug|Any CPU
		{C712A764-4DF4-4264-94DB-E72A26324684}.Debug|Any CPU.Deploy.0 = Debug|Any CPU
		{C712A764-4DF4-4264-94DB-E72A26324684}.Debug|ARM.ActiveCfg = Debug|Any CPU
		{C712A764-4DF4-4264-94DB-E72A26324684}.Debug|ARM.Build.0 = Debug|Any CPU
		{C712A764-4DF4-4264-94DB-E72A26324684}.Debug|ARM.Deploy.0 = Debug|Any CPU
		{C712A764-4DF4-4264-94DB-E72A26324684}.Debug|iPhone.ActiveCfg = Debug|Any CPU
		{C712A764-4DF4-4264-94DB-E72A26324684}.Debug|iPhone.Build.0 = Debug|Any CPU
		{C712A764-4DF4-4264-94DB-E72A26324684}.Debug|iPhone.Deploy.0 = Debug|Any CPU
		{C712A764-4DF4-4264-94DB-E72A26324684}.Debug|iPhoneSimulator.ActiveCfg = Debug|Any CPU
		{C712A764-4DF4-4264-94DB-E72A26324684}.Debug|iPhoneSimulator.Build.0 = Debug|Any CPU
		{C712A764-4DF4-4264-94DB-E72A26324684}.Debug|iPhoneSimulator.Deploy.0 = Debug|Any CPU
		{C712A764-4DF4-4264-94DB-E72A26324684}.Debug|x64.ActiveCfg = Debug|Any CPU
		{C712A764-4DF4-4264-94DB-E72A26324684}.Debug|x64.Build.0 = Debug|Any CPU
		{C712A764-4DF4-4264-94DB-E72A26324684}.Debug|x64.Deploy.0 = Debug|Any CPU
		{C712A764-4DF4-4264-94DB-E72A26324684}.Debug|x86.ActiveCfg = Debug|Any CPU
		{C712A764-4DF4-4264-94DB-E72A26324684}.Debug|x86.Build.0 = Debug|Any CPU
		{C712A764-4DF4-4264-94DB-E72A26324684}.Debug|x86.Deploy.0 = Debug|Any CPU
		{C712A764-4DF4-4264-94DB-E72A26324684}.Release|Any CPU.ActiveCfg = Release|Any CPU
		{C712A764-4DF4-4264-94DB-E72A26324684}.Release|Any CPU.Build.0 = Release|Any CPU
		{C712A764-4DF4-4264-94DB-E72A26324684}.Release|Any CPU.Deploy.0 = Release|Any CPU
		{C712A764-4DF4-4264-94DB-E72A26324684}.Release|ARM.ActiveCfg = Release|Any CPU
		{C712A764-4DF4-4264-94DB-E72A26324684}.Release|ARM.Build.0 = Release|Any CPU
		{C712A764-4DF4-4264-94DB-E72A26324684}.Release|ARM.Deploy.0 = Release|Any CPU
		{C712A764-4DF4-4264-94DB-E72A26324684}.Release|iPhone.ActiveCfg = Release|Any CPU
		{C712A764-4DF4-4264-94DB-E72A26324684}.Release|iPhone.Build.0 = Release|Any CPU
		{C712A764-4DF4-4264-94DB-E72A26324684}.Release|iPhone.Deploy.0 = Release|Any CPU
		{C712A764-4DF4-4264-94DB-E72A26324684}.Release|iPhoneSimulator.ActiveCfg = Release|Any CPU
		{C712A764-4DF4-4264-94DB-E72A26324684}.Release|iPhoneSimulator.Build.0 = Release|Any CPU
		{C712A764-4DF4-4264-94DB-E72A26324684}.Release|iPhoneSimulator.Deploy.0 = Release|Any CPU
		{C712A764-4DF4-4264-94DB-E72A26324684}.Release|x64.ActiveCfg = Release|Any CPU
		{C712A764-4DF4-4264-94DB-E72A26324684}.Release|x64.Build.0 = Release|Any CPU
		{C712A764-4DF4-4264-94DB-E72A26324684}.Release|x64.Deploy.0 = Release|Any CPU
		{C712A764-4DF4-4264-94DB-E72A26324684}.Release|x86.ActiveCfg = Release|Any CPU
		{C712A764-4DF4-4264-94DB-E72A26324684}.Release|x86.Build.0 = Release|Any CPU
		{C712A764-4DF4-4264-94DB-E72A26324684}.Release|x86.Deploy.0 = Release|Any CPU
		{96D6C3D0-FFC8-410E-A16F-057D53154CA3}.Ad-Hoc|Any CPU.ActiveCfg = Ad-Hoc|iPhone
		{96D6C3D0-FFC8-410E-A16F-057D53154CA3}.Ad-Hoc|ARM.ActiveCfg = Ad-Hoc|iPhone
		{96D6C3D0-FFC8-410E-A16F-057D53154CA3}.Ad-Hoc|iPhone.ActiveCfg = Ad-Hoc|iPhone
		{96D6C3D0-FFC8-410E-A16F-057D53154CA3}.Ad-Hoc|iPhone.Build.0 = Ad-Hoc|iPhone
		{96D6C3D0-FFC8-410E-A16F-057D53154CA3}.Ad-Hoc|iPhoneSimulator.ActiveCfg = Ad-Hoc|iPhoneSimulator
		{96D6C3D0-FFC8-410E-A16F-057D53154CA3}.Ad-Hoc|iPhoneSimulator.Build.0 = Ad-Hoc|iPhoneSimulator
		{96D6C3D0-FFC8-410E-A16F-057D53154CA3}.Ad-Hoc|x64.ActiveCfg = Ad-Hoc|iPhone
		{96D6C3D0-FFC8-410E-A16F-057D53154CA3}.Ad-Hoc|x86.ActiveCfg = Ad-Hoc|iPhone
		{96D6C3D0-FFC8-410E-A16F-057D53154CA3}.AppStore|Any CPU.ActiveCfg = AppStore|iPhone
		{96D6C3D0-FFC8-410E-A16F-057D53154CA3}.AppStore|ARM.ActiveCfg = AppStore|iPhone
		{96D6C3D0-FFC8-410E-A16F-057D53154CA3}.AppStore|iPhone.ActiveCfg = AppStore|iPhone
		{96D6C3D0-FFC8-410E-A16F-057D53154CA3}.AppStore|iPhone.Build.0 = AppStore|iPhone
		{96D6C3D0-FFC8-410E-A16F-057D53154CA3}.AppStore|iPhoneSimulator.ActiveCfg = AppStore|iPhoneSimulator
		{96D6C3D0-FFC8-410E-A16F-057D53154CA3}.AppStore|iPhoneSimulator.Build.0 = AppStore|iPhoneSimulator
		{96D6C3D0-FFC8-410E-A16F-057D53154CA3}.AppStore|x64.ActiveCfg = AppStore|iPhone
		{96D6C3D0-FFC8-410E-A16F-057D53154CA3}.AppStore|x86.ActiveCfg = AppStore|iPhone
		{96D6C3D0-FFC8-410E-A16F-057D53154CA3}.Debug|Any CPU.ActiveCfg = Debug|iPhone
		{96D6C3D0-FFC8-410E-A16F-057D53154CA3}.Debug|ARM.ActiveCfg = Debug|iPhone
		{96D6C3D0-FFC8-410E-A16F-057D53154CA3}.Debug|iPhone.ActiveCfg = Debug|iPhone
		{96D6C3D0-FFC8-410E-A16F-057D53154CA3}.Debug|iPhone.Build.0 = Debug|iPhone
		{96D6C3D0-FFC8-410E-A16F-057D53154CA3}.Debug|iPhoneSimulator.ActiveCfg = Debug|iPhoneSimulator
		{96D6C3D0-FFC8-410E-A16F-057D53154CA3}.Debug|iPhoneSimulator.Build.0 = Debug|iPhoneSimulator
		{96D6C3D0-FFC8-410E-A16F-057D53154CA3}.Debug|x64.ActiveCfg = Debug|iPhone
		{96D6C3D0-FFC8-410E-A16F-057D53154CA3}.Debug|x86.ActiveCfg = Debug|iPhone
		{96D6C3D0-FFC8-410E-A16F-057D53154CA3}.Release|Any CPU.ActiveCfg = Release|iPhone
		{96D6C3D0-FFC8-410E-A16F-057D53154CA3}.Release|ARM.ActiveCfg = Release|iPhone
		{96D6C3D0-FFC8-410E-A16F-057D53154CA3}.Release|iPhone.ActiveCfg = Release|iPhone
		{96D6C3D0-FFC8-410E-A16F-057D53154CA3}.Release|iPhone.Build.0 = Release|iPhone
		{96D6C3D0-FFC8-410E-A16F-057D53154CA3}.Release|iPhoneSimulator.ActiveCfg = Release|iPhoneSimulator
		{96D6C3D0-FFC8-410E-A16F-057D53154CA3}.Release|iPhoneSimulator.Build.0 = Release|iPhoneSimulator
		{96D6C3D0-FFC8-410E-A16F-057D53154CA3}.Release|x64.ActiveCfg = Release|iPhone
		{96D6C3D0-FFC8-410E-A16F-057D53154CA3}.Release|x86.ActiveCfg = Release|iPhone
		{C4FF7F9E-3889-45D2-BE9A-195BEA3A1246}.Ad-Hoc|Any CPU.ActiveCfg = Release|x86
		{C4FF7F9E-3889-45D2-BE9A-195BEA3A1246}.Ad-Hoc|Any CPU.Build.0 = Release|x86
		{C4FF7F9E-3889-45D2-BE9A-195BEA3A1246}.Ad-Hoc|Any CPU.Deploy.0 = Release|x86
		{C4FF7F9E-3889-45D2-BE9A-195BEA3A1246}.Ad-Hoc|ARM.ActiveCfg = Release|ARM
		{C4FF7F9E-3889-45D2-BE9A-195BEA3A1246}.Ad-Hoc|ARM.Build.0 = Release|ARM
		{C4FF7F9E-3889-45D2-BE9A-195BEA3A1246}.Ad-Hoc|ARM.Deploy.0 = Release|ARM
		{C4FF7F9E-3889-45D2-BE9A-195BEA3A1246}.Ad-Hoc|iPhone.ActiveCfg = Release|x86
		{C4FF7F9E-3889-45D2-BE9A-195BEA3A1246}.Ad-Hoc|iPhone.Build.0 = Release|x86
		{C4FF7F9E-3889-45D2-BE9A-195BEA3A1246}.Ad-Hoc|iPhone.Deploy.0 = Release|x86
		{C4FF7F9E-3889-45D2-BE9A-195BEA3A1246}.Ad-Hoc|iPhoneSimulator.ActiveCfg = Release|x86
		{C4FF7F9E-3889-45D2-BE9A-195BEA3A1246}.Ad-Hoc|iPhoneSimulator.Build.0 = Release|x86
		{C4FF7F9E-3889-45D2-BE9A-195BEA3A1246}.Ad-Hoc|iPhoneSimulator.Deploy.0 = Release|x86
		{C4FF7F9E-3889-45D2-BE9A-195BEA3A1246}.Ad-Hoc|x64.ActiveCfg = Release|x64
		{C4FF7F9E-3889-45D2-BE9A-195BEA3A1246}.Ad-Hoc|x64.Build.0 = Release|x64
		{C4FF7F9E-3889-45D2-BE9A-195BEA3A1246}.Ad-Hoc|x64.Deploy.0 = Release|x64
		{C4FF7F9E-3889-45D2-BE9A-195BEA3A1246}.Ad-Hoc|x86.ActiveCfg = Release|x86
		{C4FF7F9E-3889-45D2-BE9A-195BEA3A1246}.Ad-Hoc|x86.Build.0 = Release|x86
		{C4FF7F9E-3889-45D2-BE9A-195BEA3A1246}.Ad-Hoc|x86.Deploy.0 = Release|x86
		{C4FF7F9E-3889-45D2-BE9A-195BEA3A1246}.AppStore|Any CPU.ActiveCfg = Release|x86
		{C4FF7F9E-3889-45D2-BE9A-195BEA3A1246}.AppStore|Any CPU.Build.0 = Release|x86
		{C4FF7F9E-3889-45D2-BE9A-195BEA3A1246}.AppStore|Any CPU.Deploy.0 = Release|x86
		{C4FF7F9E-3889-45D2-BE9A-195BEA3A1246}.AppStore|ARM.ActiveCfg = Release|ARM
		{C4FF7F9E-3889-45D2-BE9A-195BEA3A1246}.AppStore|ARM.Build.0 = Release|ARM
		{C4FF7F9E-3889-45D2-BE9A-195BEA3A1246}.AppStore|ARM.Deploy.0 = Release|ARM
		{C4FF7F9E-3889-45D2-BE9A-195BEA3A1246}.AppStore|iPhone.ActiveCfg = Release|x86
		{C4FF7F9E-3889-45D2-BE9A-195BEA3A1246}.AppStore|iPhone.Build.0 = Release|x86
		{C4FF7F9E-3889-45D2-BE9A-195BEA3A1246}.AppStore|iPhone.Deploy.0 = Release|x86
		{C4FF7F9E-3889-45D2-BE9A-195BEA3A1246}.AppStore|iPhoneSimulator.ActiveCfg = Release|x86
		{C4FF7F9E-3889-45D2-BE9A-195BEA3A1246}.AppStore|iPhoneSimulator.Build.0 = Release|x86
		{C4FF7F9E-3889-45D2-BE9A-195BEA3A1246}.AppStore|iPhoneSimulator.Deploy.0 = Release|x86
		{C4FF7F9E-3889-45D2-BE9A-195BEA3A1246}.AppStore|x64.ActiveCfg = Release|x64
		{C4FF7F9E-3889-45D2-BE9A-195BEA3A1246}.AppStore|x64.Build.0 = Release|x64
		{C4FF7F9E-3889-45D2-BE9A-195BEA3A1246}.AppStore|x64.Deploy.0 = Release|x64
		{C4FF7F9E-3889-45D2-BE9A-195BEA3A1246}.AppStore|x86.ActiveCfg = Release|x86
		{C4FF7F9E-3889-45D2-BE9A-195BEA3A1246}.AppStore|x86.Build.0 = Release|x86
		{C4FF7F9E-3889-45D2-BE9A-195BEA3A1246}.AppStore|x86.Deploy.0 = Release|x86
		{C4FF7F9E-3889-45D2-BE9A-195BEA3A1246}.Debug|Any CPU.ActiveCfg = Debug|x86
		{C4FF7F9E-3889-45D2-BE9A-195BEA3A1246}.Debug|ARM.ActiveCfg = Debug|ARM
		{C4FF7F9E-3889-45D2-BE9A-195BEA3A1246}.Debug|ARM.Build.0 = Debug|ARM
		{C4FF7F9E-3889-45D2-BE9A-195BEA3A1246}.Debug|ARM.Deploy.0 = Debug|ARM
		{C4FF7F9E-3889-45D2-BE9A-195BEA3A1246}.Debug|iPhone.ActiveCfg = Debug|x86
		{C4FF7F9E-3889-45D2-BE9A-195BEA3A1246}.Debug|iPhoneSimulator.ActiveCfg = Debug|x86
		{C4FF7F9E-3889-45D2-BE9A-195BEA3A1246}.Debug|x64.ActiveCfg = Debug|x64
		{C4FF7F9E-3889-45D2-BE9A-195BEA3A1246}.Debug|x64.Build.0 = Debug|x64
		{C4FF7F9E-3889-45D2-BE9A-195BEA3A1246}.Debug|x64.Deploy.0 = Debug|x64
		{C4FF7F9E-3889-45D2-BE9A-195BEA3A1246}.Debug|x86.ActiveCfg = Debug|x86
		{C4FF7F9E-3889-45D2-BE9A-195BEA3A1246}.Debug|x86.Build.0 = Debug|x86
		{C4FF7F9E-3889-45D2-BE9A-195BEA3A1246}.Debug|x86.Deploy.0 = Debug|x86
		{C4FF7F9E-3889-45D2-BE9A-195BEA3A1246}.Release|Any CPU.ActiveCfg = Release|x86
		{C4FF7F9E-3889-45D2-BE9A-195BEA3A1246}.Release|ARM.ActiveCfg = Release|ARM
		{C4FF7F9E-3889-45D2-BE9A-195BEA3A1246}.Release|ARM.Build.0 = Release|ARM
		{C4FF7F9E-3889-45D2-BE9A-195BEA3A1246}.Release|ARM.Deploy.0 = Release|ARM
		{C4FF7F9E-3889-45D2-BE9A-195BEA3A1246}.Release|iPhone.ActiveCfg = Release|x86
		{C4FF7F9E-3889-45D2-BE9A-195BEA3A1246}.Release|iPhoneSimulator.ActiveCfg = Release|x86
		{C4FF7F9E-3889-45D2-BE9A-195BEA3A1246}.Release|x64.ActiveCfg = Release|x64
		{C4FF7F9E-3889-45D2-BE9A-195BEA3A1246}.Release|x64.Build.0 = Release|x64
		{C4FF7F9E-3889-45D2-BE9A-195BEA3A1246}.Release|x64.Deploy.0 = Release|x64
		{C4FF7F9E-3889-45D2-BE9A-195BEA3A1246}.Release|x86.ActiveCfg = Release|x86
		{C4FF7F9E-3889-45D2-BE9A-195BEA3A1246}.Release|x86.Build.0 = Release|x86
		{C4FF7F9E-3889-45D2-BE9A-195BEA3A1246}.Release|x86.Deploy.0 = Release|x86
		{06B0F8BC-6EB6-45C5-8447-4EFD07B1B843}.Ad-Hoc|Any CPU.ActiveCfg = Release|Any CPU
		{06B0F8BC-6EB6-45C5-8447-4EFD07B1B843}.Ad-Hoc|Any CPU.Build.0 = Release|Any CPU
		{06B0F8BC-6EB6-45C5-8447-4EFD07B1B843}.Ad-Hoc|ARM.ActiveCfg = Release|Any CPU
		{06B0F8BC-6EB6-45C5-8447-4EFD07B1B843}.Ad-Hoc|ARM.Build.0 = Release|Any CPU
		{06B0F8BC-6EB6-45C5-8447-4EFD07B1B843}.Ad-Hoc|iPhone.ActiveCfg = Release|Any CPU
		{06B0F8BC-6EB6-45C5-8447-4EFD07B1B843}.Ad-Hoc|iPhone.Build.0 = Release|Any CPU
		{06B0F8BC-6EB6-45C5-8447-4EFD07B1B843}.Ad-Hoc|iPhoneSimulator.ActiveCfg = Release|Any CPU
		{06B0F8BC-6EB6-45C5-8447-4EFD07B1B843}.Ad-Hoc|iPhoneSimulator.Build.0 = Release|Any CPU
		{06B0F8BC-6EB6-45C5-8447-4EFD07B1B843}.Ad-Hoc|x64.ActiveCfg = Release|Any CPU
		{06B0F8BC-6EB6-45C5-8447-4EFD07B1B843}.Ad-Hoc|x64.Build.0 = Release|Any CPU
		{06B0F8BC-6EB6-45C5-8447-4EFD07B1B843}.Ad-Hoc|x86.ActiveCfg = Release|Any CPU
		{06B0F8BC-6EB6-45C5-8447-4EFD07B1B843}.Ad-Hoc|x86.Build.0 = Release|Any CPU
		{06B0F8BC-6EB6-45C5-8447-4EFD07B1B843}.AppStore|Any CPU.ActiveCfg = Release|Any CPU
		{06B0F8BC-6EB6-45C5-8447-4EFD07B1B843}.AppStore|Any CPU.Build.0 = Release|Any CPU
		{06B0F8BC-6EB6-45C5-8447-4EFD07B1B843}.AppStore|ARM.ActiveCfg = Release|Any CPU
		{06B0F8BC-6EB6-45C5-8447-4EFD07B1B843}.AppStore|ARM.Build.0 = Release|Any CPU
		{06B0F8BC-6EB6-45C5-8447-4EFD07B1B843}.AppStore|iPhone.ActiveCfg = Release|Any CPU
		{06B0F8BC-6EB6-45C5-8447-4EFD07B1B843}.AppStore|iPhone.Build.0 = Release|Any CPU
		{06B0F8BC-6EB6-45C5-8447-4EFD07B1B843}.AppStore|iPhoneSimulator.ActiveCfg = Release|Any CPU
		{06B0F8BC-6EB6-45C5-8447-4EFD07B1B843}.AppStore|iPhoneSimulator.Build.0 = Release|Any CPU
		{06B0F8BC-6EB6-45C5-8447-4EFD07B1B843}.AppStore|x64.ActiveCfg = Release|Any CPU
		{06B0F8BC-6EB6-45C5-8447-4EFD07B1B843}.AppStore|x64.Build.0 = Release|Any CPU
		{06B0F8BC-6EB6-45C5-8447-4EFD07B1B843}.AppStore|x86.ActiveCfg = Release|Any CPU
		{06B0F8BC-6EB6-45C5-8447-4EFD07B1B843}.AppStore|x86.Build.0 = Release|Any CPU
		{06B0F8BC-6EB6-45C5-8447-4EFD07B1B843}.Debug|Any CPU.ActiveCfg = Debug|Any CPU
		{06B0F8BC-6EB6-45C5-8447-4EFD07B1B843}.Debug|Any CPU.Build.0 = Debug|Any CPU
		{06B0F8BC-6EB6-45C5-8447-4EFD07B1B843}.Debug|ARM.ActiveCfg = Debug|Any CPU
		{06B0F8BC-6EB6-45C5-8447-4EFD07B1B843}.Debug|ARM.Build.0 = Debug|Any CPU
		{06B0F8BC-6EB6-45C5-8447-4EFD07B1B843}.Debug|iPhone.ActiveCfg = Debug|Any CPU
		{06B0F8BC-6EB6-45C5-8447-4EFD07B1B843}.Debug|iPhone.Build.0 = Debug|Any CPU
		{06B0F8BC-6EB6-45C5-8447-4EFD07B1B843}.Debug|iPhoneSimulator.ActiveCfg = Debug|Any CPU
		{06B0F8BC-6EB6-45C5-8447-4EFD07B1B843}.Debug|iPhoneSimulator.Build.0 = Debug|Any CPU
		{06B0F8BC-6EB6-45C5-8447-4EFD07B1B843}.Debug|x64.ActiveCfg = Debug|Any CPU
		{06B0F8BC-6EB6-45C5-8447-4EFD07B1B843}.Debug|x64.Build.0 = Debug|Any CPU
		{06B0F8BC-6EB6-45C5-8447-4EFD07B1B843}.Debug|x86.ActiveCfg = Debug|Any CPU
		{06B0F8BC-6EB6-45C5-8447-4EFD07B1B843}.Debug|x86.Build.0 = Debug|Any CPU
		{06B0F8BC-6EB6-45C5-8447-4EFD07B1B843}.Release|Any CPU.ActiveCfg = Release|Any CPU
		{06B0F8BC-6EB6-45C5-8447-4EFD07B1B843}.Release|Any CPU.Build.0 = Release|Any CPU
		{06B0F8BC-6EB6-45C5-8447-4EFD07B1B843}.Release|ARM.ActiveCfg = Release|Any CPU
		{06B0F8BC-6EB6-45C5-8447-4EFD07B1B843}.Release|ARM.Build.0 = Release|Any CPU
		{06B0F8BC-6EB6-45C5-8447-4EFD07B1B843}.Release|iPhone.ActiveCfg = Release|Any CPU
		{06B0F8BC-6EB6-45C5-8447-4EFD07B1B843}.Release|iPhone.Build.0 = Release|Any CPU
		{06B0F8BC-6EB6-45C5-8447-4EFD07B1B843}.Release|iPhoneSimulator.ActiveCfg = Release|Any CPU
		{06B0F8BC-6EB6-45C5-8447-4EFD07B1B843}.Release|iPhoneSimulator.Build.0 = Release|Any CPU
		{06B0F8BC-6EB6-45C5-8447-4EFD07B1B843}.Release|x64.ActiveCfg = Release|Any CPU
		{06B0F8BC-6EB6-45C5-8447-4EFD07B1B843}.Release|x64.Build.0 = Release|Any CPU
		{06B0F8BC-6EB6-45C5-8447-4EFD07B1B843}.Release|x86.ActiveCfg = Release|Any CPU
		{06B0F8BC-6EB6-45C5-8447-4EFD07B1B843}.Release|x86.Build.0 = Release|Any CPU
	EndGlobalSection
	GlobalSection(SolutionProperties) = preSolution
		HideSolutionNode = FALSE
	EndGlobalSection
	GlobalSection(NestedProjects) = preSolution
		{06B0F8BC-6EB6-45C5-8447-4EFD07B1B843} = {294BC2E2-87DE-4435-8B29-C2A09EF6549B}
	EndGlobalSection
	GlobalSection(ExtensibilityGlobals) = postSolution
		SolutionGuid = {4169C318-9E16-49C8-A93E-E328FC0B41C5}
	EndGlobalSection
EndGlobal
